
Microsoft Visual Studio Solution File, Format Version 12.00
# Visual Studio Version 16
VisualStudioVersion = 16.0.30804.86
MinimumVisualStudioVersion = 10.0.40219.1
Project("{FAE04EC0-301F-11D3-BF4B-00C04F79EFBC}") = "MedicalForm", "MedicalForm\MedicalForm.csproj", "{97134F2C-8EE5-4486-9E33-9A819DFF4186}"
EndProject
Global
	GlobalSection(SolutionConfigurationPlatforms) = preSolution
		Debug|Any CPU = Debug|Any CPU
		Release|Any CPU = Release|Any CPU
	EndGlobalSection
	GlobalSection(ProjectConfigurationPlatforms) = postSolution
		{97134F2C-8EE5-4486-9E33-9A819DFF4186}.Debug|Any CPU.ActiveCfg = Debug|Any CPU
		{97134F2C-8EE5-4486-9E33-9A819DFF4186}.Debug|Any CPU.Build.0 = Debug|Any CPU
		{97134F2C-8EE5-4486-9E33-9A819DFF4186}.Release|Any CPU.ActiveCfg = Release|Any CPU
		{97134F2C-8EE5-4486-9E33-9A819DFF4186}.Release|Any CPU.Build.0 = Release|Any CPU
	EndGlobalSection
	GlobalSection(SolutionProperties) = preSolution
		HideSolutionNode = FALSE
	EndGlobalSection
	GlobalSection(ExtensibilityGlobals) = postSolution
		SolutionGuid = {E3051104-3557-47C5-8D93-3B430C6FD042}
	EndGlobalSection
EndGlobal
